// !$*UTF8*$!
{
	archiveVersion = 1;
	classes = {
	};
	objectVersion = 56;
	objects = {

/* Begin PBXBuildFile section */
		F69849872C6E384A00B50E31 /* YuGiOhApp.swift in Sources */ = {isa = PBXBuildFile; fileRef = F69849862C6E384A00B50E31 /* YuGiOhApp.swift */; };
		F69849892C6E384A00B50E31 /* ContentView.swift in Sources */ = {isa = PBXBuildFile; fileRef = F69849882C6E384A00B50E31 /* ContentView.swift */; };
		F698498B2C6E384B00B50E31 /* Assets.xcassets in Resources */ = {isa = PBXBuildFile; fileRef = F698498A2C6E384B00B50E31 /* Assets.xcassets */; };
		F698498E2C6E384B00B50E31 /* Preview Assets.xcassets in Resources */ = {isa = PBXBuildFile; fileRef = F698498D2C6E384B00B50E31 /* Preview Assets.xcassets */; };
		F69849982C6E384C00B50E31 /* YuGiOhTests.swift in Sources */ = {isa = PBXBuildFile; fileRef = F69849972C6E384C00B50E31 /* YuGiOhTests.swift */; };
		F69849A22C6E384C00B50E31 /* YuGiOhUITests.swift in Sources */ = {isa = PBXBuildFile; fileRef = F69849A12C6E384C00B50E31 /* YuGiOhUITests.swift */; };
		F69849A42C6E384C00B50E31 /* YuGiOhUITestsLaunchTests.swift in Sources */ = {isa = PBXBuildFile; fileRef = F69849A32C6E384C00B50E31 /* YuGiOhUITestsLaunchTests.swift */; };
/* End PBXBuildFile section */

/* Begin PBXContainerItemProxy section */
		F69849942C6E384C00B50E31 /* PBXContainerItemProxy */ = {
			isa = PBXContainerItemProxy;
			containerPortal = F698497B2C6E384A00B50E31 /* Project object */;
			proxyType = 1;
			remoteGlobalIDString = F69849822C6E384A00B50E31;
			remoteInfo = YuGiOh;
		};
		F698499E2C6E384C00B50E31 /* PBXContainerItemProxy */ = {
			isa = PBXContainerItemProxy;
			containerPortal = F698497B2C6E384A00B50E31 /* Project object */;
			proxyType = 1;
			remoteGlobalIDString = F69849822C6E384A00B50E31;
			remoteInfo = YuGiOh;
		};
/* End PBXContainerItemProxy section */

/* Begin PBXFileReference section */
		F69849832C6E384A00B50E31 /* YuGiOh.app */ = {isa = PBXFileReference; explicitFileType = wrapper.application; includeInIndex = 0; path = YuGiOh.app; sourceTree = BUILT_PRODUCTS_DIR; };
		F69849862C6E384A00B50E31 /* YuGiOhApp.swift */ = {isa = PBXFileReference; lastKnownFileType = sourcecode.swift; path = YuGiOhApp.swift; sourceTree = "<group>"; };
		F69849882C6E384A00B50E31 /* ContentView.swift */ = {isa = PBXFileReference; lastKnownFileType = sourcecode.swift; path = ContentView.swift; sourceTree = "<group>"; };
		F698498A2C6E384B00B50E31 /* Assets.xcassets */ = {isa = PBXFileReference; lastKnownFileType = folder.assetcatalog; path = Assets.xcassets; sourceTree = "<group>"; };
		F698498D2C6E384B00B50E31 /* Preview Assets.xcassets */ = {isa = PBXFileReference; lastKnownFileType = folder.assetcatalog; path = "Preview Assets.xcassets"; sourceTree = "<group>"; };
		F69849932C6E384C00B50E31 /* YuGiOhTests.xctest */ = {isa = PBXFileReference; explicitFileType = wrapper.cfbundle; includeInIndex = 0; path = YuGiOhTests.xctest; sourceTree = BUILT_PRODUCTS_DIR; };
		F69849972C6E384C00B50E31 /* YuGiOhTests.swift */ = {isa = PBXFileReference; lastKnownFileType = sourcecode.swift; path = YuGiOhTests.swift; sourceTree = "<group>"; };
		F698499D2C6E384C00B50E31 /* YuGiOhUITests.xctest */ = {isa = PBXFileReference; explicitFileType = wrapper.cfbundle; includeInIndex = 0; path = YuGiOhUITests.xctest; sourceTree = BUILT_PRODUCTS_DIR; };
		F69849A12C6E384C00B50E31 /* YuGiOhUITests.swift */ = {isa = PBXFileReference; lastKnownFileType = sourcecode.swift; path = YuGiOhUITests.swift; sourceTree = "<group>"; };
		F69849A32C6E384C00B50E31 /* YuGiOhUITestsLaunchTests.swift */ = {isa = PBXFileReference; lastKnownFileType = sourcecode.swift; path = YuGiOhUITestsLaunchTests.swift; sourceTree = "<group>"; };
/* End PBXFileReference section */

/* Begin PBXFrameworksBuildPhase section */
		F69849802C6E384A00B50E31 /* Frameworks */ = {
			isa = PBXFrameworksBuildPhase;
			buildActionMask = 2147483647;
			files = (
			);
			runOnlyForDeploymentPostprocessing = 0;
		};
		F69849902C6E384C00B50E31 /* Frameworks */ = {
			isa = PBXFrameworksBuildPhase;
			buildActionMask = 2147483647;
			files = (
			);
			runOnlyForDeploymentPostprocessing = 0;
		};
		F698499A2C6E384C00B50E31 /* Frameworks */ = {
			isa = PBXFrameworksBuildPhase;
			buildActionMask = 2147483647;
			files = (
			);
			runOnlyForDeploymentPostprocessing = 0;
		};
/* End PBXFrameworksBuildPhase section */

/* Begin PBXGroup section */
		F698497A2C6E384A00B50E31 = {
			isa = PBXGroup;
			children = (
				F69849852C6E384A00B50E31 /* YuGiOh */,
				F69849962C6E384C00B50E31 /* YuGiOhTests */,
				F69849A02C6E384C00B50E31 /* YuGiOhUITests */,
				F69849842C6E384A00B50E31 /* Products */,
			);
			sourceTree = "<group>";
		};
		F69849842C6E384A00B50E31 /* Products */ = {
			isa = PBXGroup;
			children = (
				F69849832C6E384A00B50E31 /* YuGiOh.app */,
				F69849932C6E384C00B50E31 /* YuGiOhTests.xctest */,
				F698499D2C6E384C00B50E31 /* YuGiOhUITests.xctest */,
			);
			name = Products;
			sourceTree = "<group>";
		};
		F69849852C6E384A00B50E31 /* YuGiOh */ = {
			isa = PBXGroup;
			children = (
				F69849862C6E384A00B50E31 /* YuGiOhApp.swift */,
				F69849882C6E384A00B50E31 /* ContentView.swift */,
				F698498A2C6E384B00B50E31 /* Assets.xcassets */,
				F698498C2C6E384B00B50E31 /* Preview Content */,
			);
			path = YuGiOh;
			sourceTree = "<group>";
		};
		F698498C2C6E384B00B50E31 /* Preview Content */ = {
			isa = PBXGroup;
			children = (
				F698498D2C6E384B00B50E31 /* Preview Assets.xcassets */,
			);
			path = "Preview Content";
			sourceTree = "<group>";
		};
		F69849962C6E384C00B50E31 /* YuGiOhTests */ = {
			isa = PBXGroup;
			children = (
				F69849972C6E384C00B50E31 /* YuGiOhTests.swift */,
			);
			path = YuGiOhTests;
			sourceTree = "<group>";
		};
		F69849A02C6E384C00B50E31 /* YuGiOhUITests */ = {
			isa = PBXGroup;
			children = (
				F69849A12C6E384C00B50E31 /* YuGiOhUITests.swift */,
				F69849A32C6E384C00B50E31 /* YuGiOhUITestsLaunchTests.swift */,
			);
			path = YuGiOhUITests;
			sourceTree = "<group>";
		};
/* End PBXGroup section */

/* Begin PBXNativeTarget section */
		F69849822C6E384A00B50E31 /* YuGiOh */ = {
			isa = PBXNativeTarget;
			buildConfigurationList = F69849A72C6E384C00B50E31 /* Build configuration list for PBXNativeTarget "YuGiOh" */;
			buildPhases = (
				F698497F2C6E384A00B50E31 /* Sources */,
				F69849802C6E384A00B50E31 /* Frameworks */,
				F69849812C6E384A00B50E31 /* Resources */,
			);
			buildRules = (
			);
			dependencies = (
			);
			name = YuGiOh;
			productName = YuGiOh;
			productReference = F69849832C6E384A00B50E31 /* YuGiOh.app */;
			productType = "com.apple.product-type.application";
		};
		F69849922C6E384C00B50E31 /* YuGiOhTests */ = {
			isa = PBXNativeTarget;
			buildConfigurationList = F69849AA2C6E384C00B50E31 /* Build configuration list for PBXNativeTarget "YuGiOhTests" */;
			buildPhases = (
				F698498F2C6E384C00B50E31 /* Sources */,
				F69849902C6E384C00B50E31 /* Frameworks */,
				F69849912C6E384C00B50E31 /* Resources */,
			);
			buildRules = (
			);
			dependencies = (
				F69849952C6E384C00B50E31 /* PBXTargetDependency */,
			);
			name = YuGiOhTests;
			productName = YuGiOhTests;
			productReference = F69849932C6E384C00B50E31 /* YuGiOhTests.xctest */;
			productType = "com.apple.product-type.bundle.unit-test";
		};
		F698499C2C6E384C00B50E31 /* YuGiOhUITests */ = {
			isa = PBXNativeTarget;
			buildConfigurationList = F69849AD2C6E384C00B50E31 /* Build configuration list for PBXNativeTarget "YuGiOhUITests" */;
			buildPhases = (
				F69849992C6E384C00B50E31 /* Sources */,
				F698499A2C6E384C00B50E31 /* Frameworks */,
				F698499B2C6E384C00B50E31 /* Resources */,
			);
			buildRules = (
			);
			dependencies = (
				F698499F2C6E384C00B50E31 /* PBXTargetDependency */,
			);
			name = YuGiOhUITests;
			productName = YuGiOhUITests;
			productReference = F698499D2C6E384C00B50E31 /* YuGiOhUITests.xctest */;
			productType = "com.apple.product-type.bundle.ui-testing";
		};
/* End PBXNativeTarget section */

/* Begin PBXProject section */
		F698497B2C6E384A00B50E31 /* Project object */ = {
			isa = PBXProject;
			attributes = {
				BuildIndependentTargetsInParallel = 1;
				LastSwiftUpdateCheck = 1540;
				LastUpgradeCheck = 1540;
				TargetAttributes = {
					F69849822C6E384A00B50E31 = {
						CreatedOnToolsVersion = 15.4;
					};
					F69849922C6E384C00B50E31 = {
						CreatedOnToolsVersion = 15.4;
						TestTargetID = F69849822C6E384A00B50E31;
					};
					F698499C2C6E384C00B50E31 = {
						CreatedOnToolsVersion = 15.4;
						TestTargetID = F69849822C6E384A00B50E31;
					};
				};
			};
			buildConfigurationList = F698497E2C6E384A00B50E31 /* Build configuration list for PBXProject "YuGiOh" */;
			compatibilityVersion = "Xcode 14.0";
			developmentRegion = en;
			hasScannedForEncodings = 0;
			knownRegions = (
				en,
				Base,
			);
			mainGroup = F698497A2C6E384A00B50E31;
			productRefGroup = F69849842C6E384A00B50E31 /* Products */;
			projectDirPath = "";
			projectRoot = "";
			targets = (
				F69849822C6E384A00B50E31 /* YuGiOh */,
				F69849922C6E384C00B50E31 /* YuGiOhTests */,
				F698499C2C6E384C00B50E31 /* YuGiOhUITests */,
			);
		};
/* End PBXProject section */

/* Begin PBXResourcesBuildPhase section */
		F69849812C6E384A00B50E31 /* Resources */ = {
			isa = PBXResourcesBuildPhase;
			buildActionMask = 2147483647;
			files = (
				F698498E2C6E384B00B50E31 /* Preview Assets.xcassets in Resources */,
				F698498B2C6E384B00B50E31 /* Assets.xcassets in Resources */,
			);
			runOnlyForDeploymentPostprocessing = 0;
		};
		F69849912C6E384C00B50E31 /* Resources */ = {
			isa = PBXResourcesBuildPhase;
			buildActionMask = 2147483647;
			files = (
			);
			runOnlyForDeploymentPostprocessing = 0;
		};
		F698499B2C6E384C00B50E31 /* Resources */ = {
			isa = PBXResourcesBuildPhase;
			buildActionMask = 2147483647;
			files = (
			);
			runOnlyForDeploymentPostprocessing = 0;
		};
/* End PBXResourcesBuildPhase section */

/* Begin PBXSourcesBuildPhase section */
		F698497F2C6E384A00B50E31 /* Sources */ = {
			isa = PBXSourcesBuildPhase;
			buildActionMask = 2147483647;
			files = (
				F69849892C6E384A00B50E31 /* ContentView.swift in Sources */,
				F69849872C6E384A00B50E31 /* YuGiOhApp.swift in Sources */,
			);
			runOnlyForDeploymentPostprocessing = 0;
		};
		F698498F2C6E384C00B50E31 /* Sources */ = {
			isa = PBXSourcesBuildPhase;
			buildActionMask = 2147483647;
			files = (
				F69849982C6E384C00B50E31 /* YuGiOhTests.swift in Sources */,
			);
			runOnlyForDeploymentPostprocessing = 0;
		};
		F69849992C6E384C00B50E31 /* Sources */ = {
			isa = PBXSourcesBuildPhase;
			buildActionMask = 2147483647;
			files = (
				F69849A22C6E384C00B50E31 /* YuGiOhUITests.swift in Sources */,
				F69849A42C6E384C00B50E31 /* YuGiOhUITestsLaunchTests.swift in Sources */,
			);
			runOnlyForDeploymentPostprocessing = 0;
		};
/* End PBXSourcesBuildPhase section */

/* Begin PBXTargetDependency section */
		F69849952C6E384C00B50E31 /* PBXTargetDependency */ = {
			isa = PBXTargetDependency;
			target = F69849822C6E384A00B50E31 /* YuGiOh */;
			targetProxy = F69849942C6E384C00B50E31 /* PBXContainerItemProxy */;
		};
		F698499F2C6E384C00B50E31 /* PBXTargetDependency */ = {
			isa = PBXTargetDependency;
			target = F69849822C6E384A00B50E31 /* YuGiOh */;
			targetProxy = F698499E2C6E384C00B50E31 /* PBXContainerItemProxy */;
		};
/* End PBXTargetDependency section */

/* Begin XCBuildConfiguration section */
		F69849A52C6E384C00B50E31 /* Debug */ = {
			isa = XCBuildConfiguration;
			buildSettings = {
				ALWAYS_SEARCH_USER_PATHS = NO;
				ASSETCATALOG_COMPILER_GENERATE_SWIFT_ASSET_SYMBOL_EXTENSIONS = YES;
				CLANG_ANALYZER_NONNULL = YES;
				CLANG_ANALYZER_NUMBER_OBJECT_CONVERSION = YES_AGGRESSIVE;
				CLANG_CXX_LANGUAGE_STANDARD = "gnu++20";
				CLANG_ENABLE_MODULES = YES;
				CLANG_ENABLE_OBJC_ARC = YES;
				CLANG_ENABLE_OBJC_WEAK = YES;
				CLANG_WARN_BLOCK_CAPTURE_AUTORELEASING = YES;
				CLANG_WARN_BOOL_CONVERSION = YES;
				CLANG_WARN_COMMA = YES;
				CLANG_WARN_CONSTANT_CONVERSION = YES;
				CLANG_WARN_DEPRECATED_OBJC_IMPLEMENTATIONS = YES;
				CLANG_WARN_DIRECT_OBJC_ISA_USAGE = YES_ERROR;
				CLANG_WARN_DOCUMENTATION_COMMENTS = YES;
				CLANG_WARN_EMPTY_BODY = YES;
				CLANG_WARN_ENUM_CONVERSION = YES;
				CLANG_WARN_INFINITE_RECURSION = YES;
				CLANG_WARN_INT_CONVERSION = YES;
				CLANG_WARN_NON_LITERAL_NULL_CONVERSION = YES;
				CLANG_WARN_OBJC_IMPLICIT_RETAIN_SELF = YES;
				CLANG_WARN_OBJC_LITERAL_CONVERSION = YES;
				CLANG_WARN_OBJC_ROOT_CLASS = YES_ERROR;
				CLANG_WARN_QUOTED_INCLUDE_IN_FRAMEWORK_HEADER = YES;
				CLANG_WARN_RANGE_LOOP_ANALYSIS = YES;
				CLANG_WARN_STRICT_PROTOTYPES = YES;
				CLANG_WARN_SUSPICIOUS_MOVE = YES;
				CLANG_WARN_UNGUARDED_AVAILABILITY = YES_AGGRESSIVE;
				CLANG_WARN_UNREACHABLE_CODE = YES;
				CLANG_WARN__DUPLICATE_METHOD_MATCH = YES;
				COPY_PHASE_STRIP = NO;
				DEBUG_INFORMATION_FORMAT = dwarf;
				ENABLE_STRICT_OBJC_MSGSEND = YES;
				ENABLE_TESTABILITY = YES;
				ENABLE_USER_SCRIPT_SANDBOXING = YES;
				GCC_C_LANGUAGE_STANDARD = gnu17;
				GCC_DYNAMIC_NO_PIC = NO;
				GCC_NO_COMMON_BLOCKS = YES;
				GCC_OPTIMIZATION_LEVEL = 0;
				GCC_PREPROCESSOR_DEFINITIONS = (
					"DEBUG=1",
					"$(inherited)",
				);
				GCC_WARN_64_TO_32_BIT_CONVERSION = YES;
				GCC_WARN_ABOUT_RETURN_TYPE = YES_ERROR;
				GCC_WARN_UNDECLARED_SELECTOR = YES;
				GCC_WARN_UNINITIALIZED_AUTOS = YES_AGGRESSIVE;
				GCC_WARN_UNUSED_FUNCTION = YES;
				GCC_WARN_UNUSED_VARIABLE = YES;
				IPHONEOS_DEPLOYMENT_TARGET = 17.5;
				LOCALIZATION_PREFERS_STRING_CATALOGS = YES;
				MTL_ENABLE_DEBUG_INFO = INCLUDE_SOURCE;
				MTL_FAST_MATH = YES;
				ONLY_ACTIVE_ARCH = YES;
				SDKROOT = iphoneos;
				SWIFT_ACTIVE_COMPILATION_CONDITIONS = "DEBUG $(inherited)";
				SWIFT_OPTIMIZATION_LEVEL = "-Onone";
			};
			name = Debug;
		};
		F69849A62C6E384C00B50E31 /* Release */ = {
			isa = XCBuildConfiguration;
			buildSettings = {
				ALWAYS_SEARCH_USER_PATHS = NO;
				ASSETCATALOG_COMPILER_GENERATE_SWIFT_ASSET_SYMBOL_EXTENSIONS = YES;
				CLANG_ANALYZER_NONNULL = YES;
				CLANG_ANALYZER_NUMBER_OBJECT_CONVERSION = YES_AGGRESSIVE;
				CLANG_CXX_LANGUAGE_STANDARD = "gnu++20";
				CLANG_ENABLE_MODULES = YES;
				CLANG_ENABLE_OBJC_ARC = YES;
				CLANG_ENABLE_OBJC_WEAK = YES;
				CLANG_WARN_BLOCK_CAPTURE_AUTORELEASING = YES;
				CLANG_WARN_BOOL_CONVERSION = YES;
				CLANG_WARN_COMMA = YES;
				CLANG_WARN_CONSTANT_CONVERSION = YES;
				CLANG_WARN_DEPRECATED_OBJC_IMPLEMENTATIONS = YES;
				CLANG_WARN_DIRECT_OBJC_ISA_USAGE = YES_ERROR;
				CLANG_WARN_DOCUMENTATION_COMMENTS = YES;
				CLANG_WARN_EMPTY_BODY = YES;
				CLANG_WARN_ENUM_CONVERSION = YES;
				CLANG_WARN_INFINITE_RECURSION = YES;
				CLANG_WARN_INT_CONVERSION = YES;
				CLANG_WARN_NON_LITERAL_NULL_CONVERSION = YES;
				CLANG_WARN_OBJC_IMPLICIT_RETAIN_SELF = YES;
				CLANG_WARN_OBJC_LITERAL_CONVERSION = YES;
				CLANG_WARN_OBJC_ROOT_CLASS = YES_ERROR;
				CLANG_WARN_QUOTED_INCLUDE_IN_FRAMEWORK_HEADER = YES;
				CLANG_WARN_RANGE_LOOP_ANALYSIS = YES;
				CLANG_WARN_STRICT_PROTOTYPES = YES;
				CLANG_WARN_SUSPICIOUS_MOVE = YES;
				CLANG_WARN_UNGUARDED_AVAILABILITY = YES_AGGRESSIVE;
				CLANG_WARN_UNREACHABLE_CODE = YES;
				CLANG_WARN__DUPLICATE_METHOD_MATCH = YES;
				COPY_PHASE_STRIP = NO;
				DEBUG_INFORMATION_FORMAT = "dwarf-with-dsym";
				ENABLE_NS_ASSERTIONS = NO;
				ENABLE_STRICT_OBJC_MSGSEND = YES;
				ENABLE_USER_SCRIPT_SANDBOXING = YES;
				GCC_C_LANGUAGE_STANDARD = gnu17;
				GCC_NO_COMMON_BLOCKS = YES;
				GCC_WARN_64_TO_32_BIT_CONVERSION = YES;
				GCC_WARN_ABOUT_RETURN_TYPE = YES_ERROR;
				GCC_WARN_UNDECLARED_SELECTOR = YES;
				GCC_WARN_UNINITIALIZED_AUTOS = YES_AGGRESSIVE;
				GCC_WARN_UNUSED_FUNCTION = YES;
				GCC_WARN_UNUSED_VARIABLE = YES;
				IPHONEOS_DEPLOYMENT_TARGET = 17.5;
				LOCALIZATION_PREFERS_STRING_CATALOGS = YES;
				MTL_ENABLE_DEBUG_INFO = NO;
				MTL_FAST_MATH = YES;
				SDKROOT = iphoneos;
				SWIFT_COMPILATION_MODE = wholemodule;
				VALIDATE_PRODUCT = YES;
			};
			name = Release;
		};
		F69849A82C6E384C00B50E31 /* Debug */ = {
			isa = XCBuildConfiguration;
			buildSettings = {
				ASSETCATALOG_COMPILER_APPICON_NAME = AppIcon;
				ASSETCATALOG_COMPILER_GLOBAL_ACCENT_COLOR_NAME = AccentColor;
				CODE_SIGN_STYLE = Automatic;
				CURRENT_PROJECT_VERSION = 1;
				DEVELOPMENT_ASSET_PATHS = "\"YuGiOh/Preview Content\"";
				DEVELOPMENT_TEAM = LWLYM5BX6D;
				ENABLE_PREVIEWS = YES;
				GENERATE_INFOPLIST_FILE = YES;
				INFOPLIST_KEY_UIApplicationSceneManifest_Generation = YES;
				INFOPLIST_KEY_UIApplicationSupportsIndirectInputEvents = YES;
				INFOPLIST_KEY_UILaunchScreen_Generation = YES;
				INFOPLIST_KEY_UISupportedInterfaceOrientations_iPad = "UIInterfaceOrientationPortrait UIInterfaceOrientationPortraitUpsideDown UIInterfaceOrientationLandscapeLeft UIInterfaceOrientationLandscapeRight";
				INFOPLIST_KEY_UISupportedInterfaceOrientations_iPhone = "UIInterfaceOrientationPortrait UIInterfaceOrientationLandscapeLeft UIInterfaceOrientationLandscapeRight";
				LD_RUNPATH_SEARCH_PATHS = (
					"$(inherited)",
					"@executable_path/Frameworks",
				);
				MARKETING_VERSION = 1.0;
				PRODUCT_BUNDLE_IDENTIFIER = markos.YuGiOh;
				PRODUCT_NAME = "$(TARGET_NAME)";
				SWIFT_EMIT_LOC_STRINGS = YES;
				SWIFT_VERSION = 5.0;
				TARGETED_DEVICE_FAMILY = "1,2";
			};
			name = Debug;
		};
		F69849A92C6E384C00B50E31 /* Release */ = {
			isa = XCBuildConfiguration;
			buildSettings = {
				ASSETCATALOG_COMPILER_APPICON_NAME = AppIcon;
				ASSETCATALOG_COMPILER_GLOBAL_ACCENT_COLOR_NAME = AccentColor;
				CODE_SIGN_STYLE = Automatic;
				CURRENT_PROJECT_VERSION = 1;
				DEVELOPMENT_ASSET_PATHS = "\"YuGiOh/Preview Content\"";
				DEVELOPMENT_TEAM = LWLYM5BX6D;
				ENABLE_PREVIEWS = YES;
				GENERATE_INFOPLIST_FILE = YES;
				INFOPLIST_KEY_UIApplicationSceneManifest_Generation = YES;
				INFOPLIST_KEY_UIApplicationSupportsIndirectInputEvents = YES;
				INFOPLIST_KEY_UILaunchScreen_Generation = YES;
				INFOPLIST_KEY_UISupportedInterfaceOrientations_iPad = "UIInterfaceOrientationPortrait UIInterfaceOrientationPortraitUpsideDown UIInterfaceOrientationLandscapeLeft UIInterfaceOrientationLandscapeRight";
				INFOPLIST_KEY_UISupportedInterfaceOrientations_iPhone = "UIInterfaceOrientationPortrait UIInterfaceOrientationLandscapeLeft UIInterfaceOrientationLandscapeRight";
				LD_RUNPATH_SEARCH_PATHS = (
					"$(inherited)",
					"@executable_path/Frameworks",
				);
				MARKETING_VERSION = 1.0;
				PRODUCT_BUNDLE_IDENTIFIER = markos.YuGiOh;
				PRODUCT_NAME = "$(TARGET_NAME)";
				SWIFT_EMIT_LOC_STRINGS = YES;
				SWIFT_VERSION = 5.0;
				TARGETED_DEVICE_FAMILY = "1,2";
			};
			name = Release;
		};
		F69849AB2C6E384C00B50E31 /* Debug */ = {
			isa = XCBuildConfiguration;
			buildSettings = {
				ALWAYS_EMBED_SWIFT_STANDARD_LIBRARIES = YES;
				BUNDLE_LOADER = "$(TEST_HOST)";
				CODE_SIGN_STYLE = Automatic;
				CURRENT_PROJECT_VERSION = 1;
				DEVELOPMENT_TEAM = LWLYM5BX6D;
				GENERATE_INFOPLIST_FILE = YES;
				IPHONEOS_DEPLOYMENT_TARGET = 17.5;
				MARKETING_VERSION = 1.0;
				PRODUCT_BUNDLE_IDENTIFIER = markos.YuGiOhTests;
				PRODUCT_NAME = "$(TARGET_NAME)";
				SWIFT_EMIT_LOC_STRINGS = NO;
				SWIFT_VERSION = 5.0;
				TARGETED_DEVICE_FAMILY = "1,2";
				TEST_HOST = "$(BUILT_PRODUCTS_DIR)/YuGiOh.app/$(BUNDLE_EXECUTABLE_FOLDER_PATH)/YuGiOh";
			};
			name = Debug;
		};
		F69849AC2C6E384C00B50E31 /* Release */ = {
			isa = XCBuildConfiguration;
			buildSettings = {
				ALWAYS_EMBED_SWIFT_STANDARD_LIBRARIES = YES;
				BUNDLE_LOADER = "$(TEST_HOST)";
				CODE_SIGN_STYLE = Automatic;
				CURRENT_PROJECT_VERSION = 1;
				DEVELOPMENT_TEAM = LWLYM5BX6D;
				GENERATE_INFOPLIST_FILE = YES;
				IPHONEOS_DEPLOYMENT_TARGET = 17.5;
				MARKETING_VERSION = 1.0;
				PRODUCT_BUNDLE_IDENTIFIER = markos.YuGiOhTests;
				PRODUCT_NAME = "$(TARGET_NAME)";
				SWIFT_EMIT_LOC_STRINGS = NO;
				SWIFT_VERSION = 5.0;
				TARGETED_DEVICE_FAMILY = "1,2";
				TEST_HOST = "$(BUILT_PRODUCTS_DIR)/YuGiOh.app/$(BUNDLE_EXECUTABLE_FOLDER_PATH)/YuGiOh";
			};
			name = Release;
		};
		F69849AE2C6E384C00B50E31 /* Debug */ = {
			isa = XCBuildConfiguration;
			buildSettings = {
				ALWAYS_EMBED_SWIFT_STANDARD_LIBRARIES = YES;
				CODE_SIGN_STYLE = Automatic;
				CURRENT_PROJECT_VERSION = 1;
				DEVELOPMENT_TEAM = LWLYM5BX6D;
				GENERATE_INFOPLIST_FILE = YES;
				MARKETING_VERSION = 1.0;
				PRODUCT_BUNDLE_IDENTIFIER = markos.YuGiOhUITests;
				PRODUCT_NAME = "$(TARGET_NAME)";
				SWIFT_EMIT_LOC_STRINGS = NO;
				SWIFT_VERSION = 5.0;
				TARGETED_DEVICE_FAMILY = "1,2";
				TEST_TARGET_NAME = YuGiOh;
			};
			name = Debug;
		};
		F69849AF2C6E384C00B50E31 /* Release */ = {
			isa = XCBuildConfiguration;
			buildSettings = {
				ALWAYS_EMBED_SWIFT_STANDARD_LIBRARIES = YES;
				CODE_SIGN_STYLE = Automatic;
				CURRENT_PROJECT_VERSION = 1;
				DEVELOPMENT_TEAM = LWLYM5BX6D;
				GENERATE_INFOPLIST_FILE = YES;
				MARKETING_VERSION = 1.0;
				PRODUCT_BUNDLE_IDENTIFIER = markos.YuGiOhUITests;
				PRODUCT_NAME = "$(TARGET_NAME)";
				SWIFT_EMIT_LOC_STRINGS = NO;
				SWIFT_VERSION = 5.0;
				TARGETED_DEVICE_FAMILY = "1,2";
				TEST_TARGET_NAME = YuGiOh;
			};
			name = Release;
		};
/* End XCBuildConfiguration section */

/* Begin XCConfigurationList section */
		F698497E2C6E384A00B50E31 /* Build configuration list for PBXProject "YuGiOh" */ = {
			isa = XCConfigurationList;
			buildConfigurations = (
				F69849A52C6E384C00B50E31 /* Debug */,
				F69849A62C6E384C00B50E31 /* Release */,
			);
			defaultConfigurationIsVisible = 0;
			defaultConfigurationName = Release;
		};
		F69849A72C6E384C00B50E31 /* Build configuration list for PBXNativeTarget "YuGiOh" */ = {
			isa = XCConfigurationList;
			buildConfigurations = (
				F69849A82C6E384C00B50E31 /* Debug */,
				F69849A92C6E384C00B50E31 /* Release */,
			);
			defaultConfigurationIsVisible = 0;
			defaultConfigurationName = Release;
		};
		F69849AA2C6E384C00B50E31 /* Build configuration list for PBXNativeTarget "YuGiOhTests" */ = {
			isa = XCConfigurationList;
			buildConfigurations = (
				F69849AB2C6E384C00B50E31 /* Debug */,
				F69849AC2C6E384C00B50E31 /* Release */,
			);
			defaultConfigurationIsVisible = 0;
			defaultConfigurationName = Release;
		};
		F69849AD2C6E384C00B50E31 /* Build configuration list for PBXNativeTarget "YuGiOhUITests" */ = {
			isa = XCConfigurationList;
			buildConfigurations = (
				F69849AE2C6E384C00B50E31 /* Debug */,
				F69849AF2C6E384C00B50E31 /* Release */,
			);
			defaultConfigurationIsVisible = 0;
			defaultConfigurationName = Release;
		};
/* End XCConfigurationList section */
	};
	rootObject = F698497B2C6E384A00B50E31 /* Project object */;
}
