// !$*UTF8*$!
{
	archiveVersion = 1;
	classes = {
	};
	objectVersion = 56;
	objects = {

/* Begin PBXBuildFile section */
		F6626BFA2CA29FE5003A7FBB /* TabCoordinator.swift in Sources */ = {isa = PBXBuildFile; fileRef = F6626BF92CA29FE5003A7FBB /* TabCoordinator.swift */; };
		F6626BFC2CA2A456003A7FBB /* ProfileCoordinator.swift in Sources */ = {isa = PBXBuildFile; fileRef = F6626BFB2CA2A456003A7FBB /* ProfileCoordinator.swift */; };
		F6626BFF2CA2A4D3003A7FBB /* ProfileView.swift in Sources */ = {isa = PBXBuildFile; fileRef = F6626BFE2CA2A4D3003A7FBB /* ProfileView.swift */; };
		F6626C012CA2A4DD003A7FBB /* ProfileViewModel.swift in Sources */ = {isa = PBXBuildFile; fileRef = F6626C002CA2A4DD003A7FBB /* ProfileViewModel.swift */; };
		F6626C032CA2A74F003A7FBB /* loader.json in Resources */ = {isa = PBXBuildFile; fileRef = F6626C022CA2A74F003A7FBB /* loader.json */; };
		F6657EA82C7F5696006D81E3 /* SFSafeSymbols in Frameworks */ = {isa = PBXBuildFile; productRef = F6657EA72C7F5696006D81E3 /* SFSafeSymbols */; };
		F693BBA22CA1A6BB00960E2B /* CardImageView.swift in Sources */ = {isa = PBXBuildFile; fileRef = F693BBA12CA1A6BB00960E2B /* CardImageView.swift */; };
		F69849872C6E384A00B50E31 /* YuGiOhApp.swift in Sources */ = {isa = PBXBuildFile; fileRef = F69849862C6E384A00B50E31 /* YuGiOhApp.swift */; };
		F698498B2C6E384B00B50E31 /* Assets.xcassets in Resources */ = {isa = PBXBuildFile; fileRef = F698498A2C6E384B00B50E31 /* Assets.xcassets */; };
		F698498E2C6E384B00B50E31 /* Preview Assets.xcassets in Resources */ = {isa = PBXBuildFile; fileRef = F698498D2C6E384B00B50E31 /* Preview Assets.xcassets */; };
		F69849982C6E384C00B50E31 /* YuGiOhTests.swift in Sources */ = {isa = PBXBuildFile; fileRef = F69849972C6E384C00B50E31 /* YuGiOhTests.swift */; };
		F69849A22C6E384C00B50E31 /* YuGiOhUITests.swift in Sources */ = {isa = PBXBuildFile; fileRef = F69849A12C6E384C00B50E31 /* YuGiOhUITests.swift */; };
		F69849A42C6E384C00B50E31 /* YuGiOhUITestsLaunchTests.swift in Sources */ = {isa = PBXBuildFile; fileRef = F69849A32C6E384C00B50E31 /* YuGiOhUITestsLaunchTests.swift */; };
		F69849BA2C6E3AE000B50E31 /* APIRequest.swift in Sources */ = {isa = PBXBuildFile; fileRef = F69849B92C6E3AE000B50E31 /* APIRequest.swift */; };
		F69849BD2C6E3E1D00B50E31 /* HomeView.swift in Sources */ = {isa = PBXBuildFile; fileRef = F69849BC2C6E3E1D00B50E31 /* HomeView.swift */; };
		F69849BF2C6E3E2800B50E31 /* HomeViewModel.swift in Sources */ = {isa = PBXBuildFile; fileRef = F69849BE2C6E3E2800B50E31 /* HomeViewModel.swift */; };
		F69849C52C6E3EF700B50E31 /* Card.swift in Sources */ = {isa = PBXBuildFile; fileRef = F69849C42C6E3EF700B50E31 /* Card.swift */; };
		F69849C82C6E502200B50E31 /* SingleCardCellView.swift in Sources */ = {isa = PBXBuildFile; fileRef = F69849C72C6E502200B50E31 /* SingleCardCellView.swift */; };
		F69849CB2C6E8EE200B50E31 /* Kingfisher in Frameworks */ = {isa = PBXBuildFile; productRef = F69849CA2C6E8EE200B50E31 /* Kingfisher */; };
		F69849CE2C714FA400B50E31 /* Stinsen in Frameworks */ = {isa = PBXBuildFile; productRef = F69849CD2C714FA400B50E31 /* Stinsen */; };
		F69849D12C7150B400B50E31 /* AppCoordinator.swift in Sources */ = {isa = PBXBuildFile; fileRef = F69849D02C7150B400B50E31 /* AppCoordinator.swift */; };
		F69849D42C71537E00B50E31 /* HomeCoordinator.swift in Sources */ = {isa = PBXBuildFile; fileRef = F69849D32C71537E00B50E31 /* HomeCoordinator.swift */; };
		F69849D72C71543C00B50E31 /* CardDetailsView.swift in Sources */ = {isa = PBXBuildFile; fileRef = F69849D62C71543C00B50E31 /* CardDetailsView.swift */; };
		F69849D92C71544700B50E31 /* CardDetailsViewModel.swift in Sources */ = {isa = PBXBuildFile; fileRef = F69849D82C71544700B50E31 /* CardDetailsViewModel.swift */; };
		F69849DC2C72850900B50E31 /* Lottie in Frameworks */ = {isa = PBXBuildFile; productRef = F69849DB2C72850900B50E31 /* Lottie */; };
		F69849E32C7285BE00B50E31 /* LottieAnimatingView.swift in Sources */ = {isa = PBXBuildFile; fileRef = F69849E22C7285BE00B50E31 /* LottieAnimatingView.swift */; };
		F6CC068F2CA574C600DAC181 /* Injected.swift in Sources */ = {isa = PBXBuildFile; fileRef = F6CC068E2CA574C600DAC181 /* Injected.swift */; };
		F6CC06912CA5755900DAC181 /* AppDependenciesContainer.swift in Sources */ = {isa = PBXBuildFile; fileRef = F6CC06902CA5755900DAC181 /* AppDependenciesContainer.swift */; };
		F6CC06932CA57AFE00DAC181 /* URLProtocolMock.swift in Sources */ = {isa = PBXBuildFile; fileRef = F6CC06922CA57AFE00DAC181 /* URLProtocolMock.swift */; };
		F6F494912CA58426007DB49A /* TinyNetworking in Frameworks */ = {isa = PBXBuildFile; productRef = F6F494902CA58426007DB49A /* TinyNetworking */; };
/* End PBXBuildFile section */

/* Begin PBXContainerItemProxy section */
		F69849942C6E384C00B50E31 /* PBXContainerItemProxy */ = {
			isa = PBXContainerItemProxy;
			containerPortal = F698497B2C6E384A00B50E31 /* Project object */;
			proxyType = 1;
			remoteGlobalIDString = F69849822C6E384A00B50E31;
			remoteInfo = YuGiOh;
		};
		F698499E2C6E384C00B50E31 /* PBXContainerItemProxy */ = {
			isa = PBXContainerItemProxy;
			containerPortal = F698497B2C6E384A00B50E31 /* Project object */;
			proxyType = 1;
			remoteGlobalIDString = F69849822C6E384A00B50E31;
			remoteInfo = YuGiOh;
		};
/* End PBXContainerItemProxy section */

/* Begin PBXFileReference section */
		F6626BF92CA29FE5003A7FBB /* TabCoordinator.swift */ = {isa = PBXFileReference; lastKnownFileType = sourcecode.swift; path = TabCoordinator.swift; sourceTree = "<group>"; };
		F6626BFB2CA2A456003A7FBB /* ProfileCoordinator.swift */ = {isa = PBXFileReference; lastKnownFileType = sourcecode.swift; path = ProfileCoordinator.swift; sourceTree = "<group>"; };
		F6626BFE2CA2A4D3003A7FBB /* ProfileView.swift */ = {isa = PBXFileReference; lastKnownFileType = sourcecode.swift; path = ProfileView.swift; sourceTree = "<group>"; };
		F6626C002CA2A4DD003A7FBB /* ProfileViewModel.swift */ = {isa = PBXFileReference; lastKnownFileType = sourcecode.swift; path = ProfileViewModel.swift; sourceTree = "<group>"; };
		F6626C022CA2A74F003A7FBB /* loader.json */ = {isa = PBXFileReference; fileEncoding = 4; lastKnownFileType = text.json; path = loader.json; sourceTree = "<group>"; };
		F6657EA52C7F54A2006D81E3 /* Info.plist */ = {isa = PBXFileReference; lastKnownFileType = text.plist; path = Info.plist; sourceTree = "<group>"; };
		F693BBA12CA1A6BB00960E2B /* CardImageView.swift */ = {isa = PBXFileReference; lastKnownFileType = sourcecode.swift; path = CardImageView.swift; sourceTree = "<group>"; };
		F69849832C6E384A00B50E31 /* YuGiOh.app */ = {isa = PBXFileReference; explicitFileType = wrapper.application; includeInIndex = 0; path = YuGiOh.app; sourceTree = BUILT_PRODUCTS_DIR; };
		F69849862C6E384A00B50E31 /* YuGiOhApp.swift */ = {isa = PBXFileReference; lastKnownFileType = sourcecode.swift; path = YuGiOhApp.swift; sourceTree = "<group>"; };
		F698498A2C6E384B00B50E31 /* Assets.xcassets */ = {isa = PBXFileReference; lastKnownFileType = folder.assetcatalog; path = Assets.xcassets; sourceTree = "<group>"; };
		F698498D2C6E384B00B50E31 /* Preview Assets.xcassets */ = {isa = PBXFileReference; lastKnownFileType = folder.assetcatalog; path = "Preview Assets.xcassets"; sourceTree = "<group>"; };
		F69849932C6E384C00B50E31 /* YuGiOhTests.xctest */ = {isa = PBXFileReference; explicitFileType = wrapper.cfbundle; includeInIndex = 0; path = YuGiOhTests.xctest; sourceTree = BUILT_PRODUCTS_DIR; };
		F69849972C6E384C00B50E31 /* YuGiOhTests.swift */ = {isa = PBXFileReference; lastKnownFileType = sourcecode.swift; path = YuGiOhTests.swift; sourceTree = "<group>"; };
		F698499D2C6E384C00B50E31 /* YuGiOhUITests.xctest */ = {isa = PBXFileReference; explicitFileType = wrapper.cfbundle; includeInIndex = 0; path = YuGiOhUITests.xctest; sourceTree = BUILT_PRODUCTS_DIR; };
		F69849A12C6E384C00B50E31 /* YuGiOhUITests.swift */ = {isa = PBXFileReference; lastKnownFileType = sourcecode.swift; path = YuGiOhUITests.swift; sourceTree = "<group>"; };
		F69849A32C6E384C00B50E31 /* YuGiOhUITestsLaunchTests.swift */ = {isa = PBXFileReference; lastKnownFileType = sourcecode.swift; path = YuGiOhUITestsLaunchTests.swift; sourceTree = "<group>"; };
		F69849B92C6E3AE000B50E31 /* APIRequest.swift */ = {isa = PBXFileReference; lastKnownFileType = sourcecode.swift; path = APIRequest.swift; sourceTree = "<group>"; };
		F69849BC2C6E3E1D00B50E31 /* HomeView.swift */ = {isa = PBXFileReference; lastKnownFileType = sourcecode.swift; path = HomeView.swift; sourceTree = "<group>"; };
		F69849BE2C6E3E2800B50E31 /* HomeViewModel.swift */ = {isa = PBXFileReference; lastKnownFileType = sourcecode.swift; path = HomeViewModel.swift; sourceTree = "<group>"; };
		F69849C42C6E3EF700B50E31 /* Card.swift */ = {isa = PBXFileReference; lastKnownFileType = sourcecode.swift; path = Card.swift; sourceTree = "<group>"; };
		F69849C72C6E502200B50E31 /* SingleCardCellView.swift */ = {isa = PBXFileReference; lastKnownFileType = sourcecode.swift; path = SingleCardCellView.swift; sourceTree = "<group>"; };
		F69849D02C7150B400B50E31 /* AppCoordinator.swift */ = {isa = PBXFileReference; lastKnownFileType = sourcecode.swift; path = AppCoordinator.swift; sourceTree = "<group>"; };
		F69849D32C71537E00B50E31 /* HomeCoordinator.swift */ = {isa = PBXFileReference; lastKnownFileType = sourcecode.swift; path = HomeCoordinator.swift; sourceTree = "<group>"; };
		F69849D62C71543C00B50E31 /* CardDetailsView.swift */ = {isa = PBXFileReference; lastKnownFileType = sourcecode.swift; path = CardDetailsView.swift; sourceTree = "<group>"; };
		F69849D82C71544700B50E31 /* CardDetailsViewModel.swift */ = {isa = PBXFileReference; lastKnownFileType = sourcecode.swift; path = CardDetailsViewModel.swift; sourceTree = "<group>"; };
		F69849E22C7285BE00B50E31 /* LottieAnimatingView.swift */ = {isa = PBXFileReference; lastKnownFileType = sourcecode.swift; path = LottieAnimatingView.swift; sourceTree = "<group>"; };
		F6CC068E2CA574C600DAC181 /* Injected.swift */ = {isa = PBXFileReference; lastKnownFileType = sourcecode.swift; path = Injected.swift; sourceTree = "<group>"; };
		F6CC06902CA5755900DAC181 /* AppDependenciesContainer.swift */ = {isa = PBXFileReference; lastKnownFileType = sourcecode.swift; path = AppDependenciesContainer.swift; sourceTree = "<group>"; };
		F6CC06922CA57AFE00DAC181 /* URLProtocolMock.swift */ = {isa = PBXFileReference; lastKnownFileType = sourcecode.swift; path = URLProtocolMock.swift; sourceTree = "<group>"; };
/* End PBXFileReference section */

/* Begin PBXFrameworksBuildPhase section */
		F69849802C6E384A00B50E31 /* Frameworks */ = {
			isa = PBXFrameworksBuildPhase;
			buildActionMask = 2147483647;
			files = (
				F6657EA82C7F5696006D81E3 /* SFSafeSymbols in Frameworks */,
				F69849CE2C714FA400B50E31 /* Stinsen in Frameworks */,
				F6F494912CA58426007DB49A /* TinyNetworking in Frameworks */,
				F69849CB2C6E8EE200B50E31 /* Kingfisher in Frameworks */,
				F69849DC2C72850900B50E31 /* Lottie in Frameworks */,
			);
			runOnlyForDeploymentPostprocessing = 0;
		};
		F69849902C6E384C00B50E31 /* Frameworks */ = {
			isa = PBXFrameworksBuildPhase;
			buildActionMask = 2147483647;
			files = (
			);
			runOnlyForDeploymentPostprocessing = 0;
		};
		F698499A2C6E384C00B50E31 /* Frameworks */ = {
			isa = PBXFrameworksBuildPhase;
			buildActionMask = 2147483647;
			files = (
			);
			runOnlyForDeploymentPostprocessing = 0;
		};
/* End PBXFrameworksBuildPhase section */

/* Begin PBXGroup section */
		F6626BFD2CA2A4C3003A7FBB /* Profile */ = {
			isa = PBXGroup;
			children = (
				F6626BFE2CA2A4D3003A7FBB /* ProfileView.swift */,
				F6626C002CA2A4DD003A7FBB /* ProfileViewModel.swift */,
			);
			path = Profile;
			sourceTree = "<group>";
		};
		F693BBA02CA1A67200960E2B /* Components */ = {
			isa = PBXGroup;
			children = (
				F693BBA12CA1A6BB00960E2B /* CardImageView.swift */,
			);
			path = Components;
			sourceTree = "<group>";
		};
		F698497A2C6E384A00B50E31 = {
			isa = PBXGroup;
			children = (
				F69849852C6E384A00B50E31 /* YuGiOh */,
				F69849962C6E384C00B50E31 /* YuGiOhTests */,
				F69849A02C6E384C00B50E31 /* YuGiOhUITests */,
				F69849842C6E384A00B50E31 /* Products */,
			);
			sourceTree = "<group>";
		};
		F69849842C6E384A00B50E31 /* Products */ = {
			isa = PBXGroup;
			children = (
				F69849832C6E384A00B50E31 /* YuGiOh.app */,
				F69849932C6E384C00B50E31 /* YuGiOhTests.xctest */,
				F698499D2C6E384C00B50E31 /* YuGiOhUITests.xctest */,
			);
			name = Products;
			sourceTree = "<group>";
		};
		F69849852C6E384A00B50E31 /* YuGiOh */ = {
			isa = PBXGroup;
			children = (
				F6657EA52C7F54A2006D81E3 /* Info.plist */,
				F69849B62C6E3A9800B50E31 /* Application */,
				F69849B52C6E3A8B00B50E31 /* DomainLayer */,
				F69849B42C6E3A5100B50E31 /* UILayer */,
				F69849B32C6E3A3600B50E31 /* DataLayer */,
				F698498C2C6E384B00B50E31 /* Preview Content */,
			);
			path = YuGiOh;
			sourceTree = "<group>";
		};
		F698498C2C6E384B00B50E31 /* Preview Content */ = {
			isa = PBXGroup;
			children = (
				F698498D2C6E384B00B50E31 /* Preview Assets.xcassets */,
			);
			path = "Preview Content";
			sourceTree = "<group>";
		};
		F69849962C6E384C00B50E31 /* YuGiOhTests */ = {
			isa = PBXGroup;
			children = (
				F69849972C6E384C00B50E31 /* YuGiOhTests.swift */,
				F6CC06922CA57AFE00DAC181 /* URLProtocolMock.swift */,
			);
			path = YuGiOhTests;
			sourceTree = "<group>";
		};
		F69849A02C6E384C00B50E31 /* YuGiOhUITests */ = {
			isa = PBXGroup;
			children = (
				F69849A12C6E384C00B50E31 /* YuGiOhUITests.swift */,
				F69849A32C6E384C00B50E31 /* YuGiOhUITestsLaunchTests.swift */,
			);
			path = YuGiOhUITests;
			sourceTree = "<group>";
		};
		F69849B32C6E3A3600B50E31 /* DataLayer */ = {
			isa = PBXGroup;
			children = (
				F69849B92C6E3AE000B50E31 /* APIRequest.swift */,
			);
			path = DataLayer;
			sourceTree = "<group>";
		};
		F69849B42C6E3A5100B50E31 /* UILayer */ = {
			isa = PBXGroup;
			children = (
				F693BBA02CA1A67200960E2B /* Components */,
				F69849BB2C6E3E1100B50E31 /* Home */,
				F69849D52C71542200B50E31 /* CardDetails */,
				F6626BFD2CA2A4C3003A7FBB /* Profile */,
				F69849D22C7152F400B50E31 /* Resources */,
			);
			path = UILayer;
			sourceTree = "<group>";
		};
		F69849B52C6E3A8B00B50E31 /* DomainLayer */ = {
			isa = PBXGroup;
			children = (
				F69849C32C6E3EA700B50E31 /* Entities */,
			);
			path = DomainLayer;
			sourceTree = "<group>";
		};
		F69849B62C6E3A9800B50E31 /* Application */ = {
			isa = PBXGroup;
			children = (
				F6CC068D2CA574B800DAC181 /* DI */,
				F69849CF2C7150A300B50E31 /* Coordinators */,
				F6CC06902CA5755900DAC181 /* AppDependenciesContainer.swift */,
				F69849862C6E384A00B50E31 /* YuGiOhApp.swift */,
			);
			path = Application;
			sourceTree = "<group>";
		};
		F69849BB2C6E3E1100B50E31 /* Home */ = {
			isa = PBXGroup;
			children = (
				F69849C62C6E501100B50E31 /* Subviews */,
				F69849BC2C6E3E1D00B50E31 /* HomeView.swift */,
				F69849BE2C6E3E2800B50E31 /* HomeViewModel.swift */,
			);
			path = Home;
			sourceTree = "<group>";
		};
		F69849C32C6E3EA700B50E31 /* Entities */ = {
			isa = PBXGroup;
			children = (
				F69849C42C6E3EF700B50E31 /* Card.swift */,
			);
			path = Entities;
			sourceTree = "<group>";
		};
		F69849C62C6E501100B50E31 /* Subviews */ = {
			isa = PBXGroup;
			children = (
				F69849C72C6E502200B50E31 /* SingleCardCellView.swift */,
			);
			path = Subviews;
			sourceTree = "<group>";
		};
		F69849CF2C7150A300B50E31 /* Coordinators */ = {
			isa = PBXGroup;
			children = (
				F69849D02C7150B400B50E31 /* AppCoordinator.swift */,
				F6626BF92CA29FE5003A7FBB /* TabCoordinator.swift */,
				F69849D32C71537E00B50E31 /* HomeCoordinator.swift */,
				F6626BFB2CA2A456003A7FBB /* ProfileCoordinator.swift */,
			);
			path = Coordinators;
			sourceTree = "<group>";
		};
		F69849D22C7152F400B50E31 /* Resources */ = {
			isa = PBXGroup;
			children = (
				F69849E22C7285BE00B50E31 /* LottieAnimatingView.swift */,
				F6626C022CA2A74F003A7FBB /* loader.json */,
				F698498A2C6E384B00B50E31 /* Assets.xcassets */,
			);
			path = Resources;
			sourceTree = "<group>";
		};
		F69849D52C71542200B50E31 /* CardDetails */ = {
			isa = PBXGroup;
			children = (
				F69849D62C71543C00B50E31 /* CardDetailsView.swift */,
				F69849D82C71544700B50E31 /* CardDetailsViewModel.swift */,
			);
			path = CardDetails;
			sourceTree = "<group>";
		};
		F6CC068D2CA574B800DAC181 /* DI */ = {
			isa = PBXGroup;
			children = (
				F6CC068E2CA574C600DAC181 /* Injected.swift */,
			);
			path = DI;
			sourceTree = "<group>";
		};
/* End PBXGroup section */

/* Begin PBXNativeTarget section */
		F69849822C6E384A00B50E31 /* YuGiOh */ = {
			isa = PBXNativeTarget;
			buildConfigurationList = F69849A72C6E384C00B50E31 /* Build configuration list for PBXNativeTarget "YuGiOh" */;
			buildPhases = (
				F698497F2C6E384A00B50E31 /* Sources */,
				F69849802C6E384A00B50E31 /* Frameworks */,
				F69849812C6E384A00B50E31 /* Resources */,
			);
			buildRules = (
			);
			dependencies = (
			);
			name = YuGiOh;
			packageProductDependencies = (
				F69849CA2C6E8EE200B50E31 /* Kingfisher */,
				F69849CD2C714FA400B50E31 /* Stinsen */,
				F69849DB2C72850900B50E31 /* Lottie */,
				F6657EA72C7F5696006D81E3 /* SFSafeSymbols */,
				F6F494902CA58426007DB49A /* TinyNetworking */,
			);
			productName = YuGiOh;
			productReference = F69849832C6E384A00B50E31 /* YuGiOh.app */;
			productType = "com.apple.product-type.application";
		};
		F69849922C6E384C00B50E31 /* YuGiOhTests */ = {
			isa = PBXNativeTarget;
			buildConfigurationList = F69849AA2C6E384C00B50E31 /* Build configuration list for PBXNativeTarget "YuGiOhTests" */;
			buildPhases = (
				F698498F2C6E384C00B50E31 /* Sources */,
				F69849902C6E384C00B50E31 /* Frameworks */,
				F69849912C6E384C00B50E31 /* Resources */,
			);
			buildRules = (
			);
			dependencies = (
				F69849952C6E384C00B50E31 /* PBXTargetDependency */,
			);
			name = YuGiOhTests;
			productName = YuGiOhTests;
			productReference = F69849932C6E384C00B50E31 /* YuGiOhTests.xctest */;
			productType = "com.apple.product-type.bundle.unit-test";
		};
		F698499C2C6E384C00B50E31 /* YuGiOhUITests */ = {
			isa = PBXNativeTarget;
			buildConfigurationList = F69849AD2C6E384C00B50E31 /* Build configuration list for PBXNativeTarget "YuGiOhUITests" */;
			buildPhases = (
				F69849992C6E384C00B50E31 /* Sources */,
				F698499A2C6E384C00B50E31 /* Frameworks */,
				F698499B2C6E384C00B50E31 /* Resources */,
			);
			buildRules = (
			);
			dependencies = (
				F698499F2C6E384C00B50E31 /* PBXTargetDependency */,
			);
			name = YuGiOhUITests;
			productName = YuGiOhUITests;
			productReference = F698499D2C6E384C00B50E31 /* YuGiOhUITests.xctest */;
			productType = "com.apple.product-type.bundle.ui-testing";
		};
/* End PBXNativeTarget section */

/* Begin PBXProject section */
		F698497B2C6E384A00B50E31 /* Project object */ = {
			isa = PBXProject;
			attributes = {
				BuildIndependentTargetsInParallel = 1;
				LastSwiftUpdateCheck = 1540;
				LastUpgradeCheck = 1540;
				TargetAttributes = {
					F69849822C6E384A00B50E31 = {
						CreatedOnToolsVersion = 15.4;
					};
					F69849922C6E384C00B50E31 = {
						CreatedOnToolsVersion = 15.4;
						TestTargetID = F69849822C6E384A00B50E31;
					};
					F698499C2C6E384C00B50E31 = {
						CreatedOnToolsVersion = 15.4;
						TestTargetID = F69849822C6E384A00B50E31;
					};
				};
			};
			buildConfigurationList = F698497E2C6E384A00B50E31 /* Build configuration list for PBXProject "YuGiOh" */;
			compatibilityVersion = "Xcode 14.0";
			developmentRegion = en;
			hasScannedForEncodings = 0;
			knownRegions = (
				en,
				Base,
			);
			mainGroup = F698497A2C6E384A00B50E31;
			packageReferences = (
				F69849C92C6E8EE200B50E31 /* XCRemoteSwiftPackageReference "Kingfisher" */,
				F69849CC2C714FA400B50E31 /* XCRemoteSwiftPackageReference "stinsen" */,
				F69849DA2C72850900B50E31 /* XCRemoteSwiftPackageReference "lottie-spm" */,
				F6657EA62C7F5696006D81E3 /* XCRemoteSwiftPackageReference "SFSafeSymbols" */,
				F6F4948F2CA58426007DB49A /* XCRemoteSwiftPackageReference "TinyNetworking" */,
			);
			productRefGroup = F69849842C6E384A00B50E31 /* Products */;
			projectDirPath = "";
			projectRoot = "";
			targets = (
				F69849822C6E384A00B50E31 /* YuGiOh */,
				F69849922C6E384C00B50E31 /* YuGiOhTests */,
				F698499C2C6E384C00B50E31 /* YuGiOhUITests */,
			);
		};
/* End PBXProject section */

/* Begin PBXResourcesBuildPhase section */
		F69849812C6E384A00B50E31 /* Resources */ = {
			isa = PBXResourcesBuildPhase;
			buildActionMask = 2147483647;
			files = (
				F6626C032CA2A74F003A7FBB /* loader.json in Resources */,
				F698498E2C6E384B00B50E31 /* Preview Assets.xcassets in Resources */,
				F698498B2C6E384B00B50E31 /* Assets.xcassets in Resources */,
			);
			runOnlyForDeploymentPostprocessing = 0;
		};
		F69849912C6E384C00B50E31 /* Resources */ = {
			isa = PBXResourcesBuildPhase;
			buildActionMask = 2147483647;
			files = (
			);
			runOnlyForDeploymentPostprocessing = 0;
		};
		F698499B2C6E384C00B50E31 /* Resources */ = {
			isa = PBXResourcesBuildPhase;
			buildActionMask = 2147483647;
			files = (
			);
			runOnlyForDeploymentPostprocessing = 0;
		};
/* End PBXResourcesBuildPhase section */

/* Begin PBXSourcesBuildPhase section */
		F698497F2C6E384A00B50E31 /* Sources */ = {
			isa = PBXSourcesBuildPhase;
			buildActionMask = 2147483647;
			files = (
				F69849C82C6E502200B50E31 /* SingleCardCellView.swift in Sources */,
				F69849D92C71544700B50E31 /* CardDetailsViewModel.swift in Sources */,
				F69849C52C6E3EF700B50E31 /* Card.swift in Sources */,
				F6CC068F2CA574C600DAC181 /* Injected.swift in Sources */,
				F6626BFA2CA29FE5003A7FBB /* TabCoordinator.swift in Sources */,
				F69849BD2C6E3E1D00B50E31 /* HomeView.swift in Sources */,
				F6CC06912CA5755900DAC181 /* AppDependenciesContainer.swift in Sources */,
				F69849E32C7285BE00B50E31 /* LottieAnimatingView.swift in Sources */,
				F69849BA2C6E3AE000B50E31 /* APIRequest.swift in Sources */,
				F6626BFF2CA2A4D3003A7FBB /* ProfileView.swift in Sources */,
				F69849BF2C6E3E2800B50E31 /* HomeViewModel.swift in Sources */,
				F6626BFC2CA2A456003A7FBB /* ProfileCoordinator.swift in Sources */,
				F69849D42C71537E00B50E31 /* HomeCoordinator.swift in Sources */,
				F69849872C6E384A00B50E31 /* YuGiOhApp.swift in Sources */,
				F69849D72C71543C00B50E31 /* CardDetailsView.swift in Sources */,
				F693BBA22CA1A6BB00960E2B /* CardImageView.swift in Sources */,
				F6626C012CA2A4DD003A7FBB /* ProfileViewModel.swift in Sources */,
				F69849D12C7150B400B50E31 /* AppCoordinator.swift in Sources */,
			);
			runOnlyForDeploymentPostprocessing = 0;
		};
		F698498F2C6E384C00B50E31 /* Sources */ = {
			isa = PBXSourcesBuildPhase;
			buildActionMask = 2147483647;
			files = (
				F69849982C6E384C00B50E31 /* YuGiOhTests.swift in Sources */,
				F6CC06932CA57AFE00DAC181 /* URLProtocolMock.swift in Sources */,
			);
			runOnlyForDeploymentPostprocessing = 0;
		};
		F69849992C6E384C00B50E31 /* Sources */ = {
			isa = PBXSourcesBuildPhase;
			buildActionMask = 2147483647;
			files = (
				F69849A22C6E384C00B50E31 /* YuGiOhUITests.swift in Sources */,
				F69849A42C6E384C00B50E31 /* YuGiOhUITestsLaunchTests.swift in Sources */,
			);
			runOnlyForDeploymentPostprocessing = 0;
		};
/* End PBXSourcesBuildPhase section */

/* Begin PBXTargetDependency section */
		F69849952C6E384C00B50E31 /* PBXTargetDependency */ = {
			isa = PBXTargetDependency;
			target = F69849822C6E384A00B50E31 /* YuGiOh */;
			targetProxy = F69849942C6E384C00B50E31 /* PBXContainerItemProxy */;
		};
		F698499F2C6E384C00B50E31 /* PBXTargetDependency */ = {
			isa = PBXTargetDependency;
			target = F69849822C6E384A00B50E31 /* YuGiOh */;
			targetProxy = F698499E2C6E384C00B50E31 /* PBXContainerItemProxy */;
		};
/* End PBXTargetDependency section */

/* Begin XCBuildConfiguration section */
		F69849A52C6E384C00B50E31 /* Debug */ = {
			isa = XCBuildConfiguration;
			buildSettings = {
				ALWAYS_SEARCH_USER_PATHS = NO;
				ASSETCATALOG_COMPILER_GENERATE_SWIFT_ASSET_SYMBOL_EXTENSIONS = YES;
				CLANG_ANALYZER_NONNULL = YES;
				CLANG_ANALYZER_NUMBER_OBJECT_CONVERSION = YES_AGGRESSIVE;
				CLANG_CXX_LANGUAGE_STANDARD = "gnu++20";
				CLANG_ENABLE_MODULES = YES;
				CLANG_ENABLE_OBJC_ARC = YES;
				CLANG_ENABLE_OBJC_WEAK = YES;
				CLANG_WARN_BLOCK_CAPTURE_AUTORELEASING = YES;
				CLANG_WARN_BOOL_CONVERSION = YES;
				CLANG_WARN_COMMA = YES;
				CLANG_WARN_CONSTANT_CONVERSION = YES;
				CLANG_WARN_DEPRECATED_OBJC_IMPLEMENTATIONS = YES;
				CLANG_WARN_DIRECT_OBJC_ISA_USAGE = YES_ERROR;
				CLANG_WARN_DOCUMENTATION_COMMENTS = YES;
				CLANG_WARN_EMPTY_BODY = YES;
				CLANG_WARN_ENUM_CONVERSION = YES;
				CLANG_WARN_INFINITE_RECURSION = YES;
				CLANG_WARN_INT_CONVERSION = YES;
				CLANG_WARN_NON_LITERAL_NULL_CONVERSION = YES;
				CLANG_WARN_OBJC_IMPLICIT_RETAIN_SELF = YES;
				CLANG_WARN_OBJC_LITERAL_CONVERSION = YES;
				CLANG_WARN_OBJC_ROOT_CLASS = YES_ERROR;
				CLANG_WARN_QUOTED_INCLUDE_IN_FRAMEWORK_HEADER = YES;
				CLANG_WARN_RANGE_LOOP_ANALYSIS = YES;
				CLANG_WARN_STRICT_PROTOTYPES = YES;
				CLANG_WARN_SUSPICIOUS_MOVE = YES;
				CLANG_WARN_UNGUARDED_AVAILABILITY = YES_AGGRESSIVE;
				CLANG_WARN_UNREACHABLE_CODE = YES;
				CLANG_WARN__DUPLICATE_METHOD_MATCH = YES;
				COPY_PHASE_STRIP = NO;
				DEBUG_INFORMATION_FORMAT = dwarf;
				ENABLE_STRICT_OBJC_MSGSEND = YES;
				ENABLE_TESTABILITY = YES;
				ENABLE_USER_SCRIPT_SANDBOXING = YES;
				GCC_C_LANGUAGE_STANDARD = gnu17;
				GCC_DYNAMIC_NO_PIC = NO;
				GCC_NO_COMMON_BLOCKS = YES;
				GCC_OPTIMIZATION_LEVEL = 0;
				GCC_PREPROCESSOR_DEFINITIONS = (
					"DEBUG=1",
					"$(inherited)",
				);
				GCC_WARN_64_TO_32_BIT_CONVERSION = YES;
				GCC_WARN_ABOUT_RETURN_TYPE = YES_ERROR;
				GCC_WARN_UNDECLARED_SELECTOR = YES;
				GCC_WARN_UNINITIALIZED_AUTOS = YES_AGGRESSIVE;
				GCC_WARN_UNUSED_FUNCTION = YES;
				GCC_WARN_UNUSED_VARIABLE = YES;
				IPHONEOS_DEPLOYMENT_TARGET = 17.0;
				LOCALIZATION_PREFERS_STRING_CATALOGS = YES;
				MTL_ENABLE_DEBUG_INFO = INCLUDE_SOURCE;
				MTL_FAST_MATH = YES;
				ONLY_ACTIVE_ARCH = YES;
				SDKROOT = iphoneos;
				SWIFT_ACTIVE_COMPILATION_CONDITIONS = "DEBUG $(inherited)";
				SWIFT_OPTIMIZATION_LEVEL = "-Onone";
			};
			name = Debug;
		};
		F69849A62C6E384C00B50E31 /* Release */ = {
			isa = XCBuildConfiguration;
			buildSettings = {
				ALWAYS_SEARCH_USER_PATHS = NO;
				ASSETCATALOG_COMPILER_GENERATE_SWIFT_ASSET_SYMBOL_EXTENSIONS = YES;
				CLANG_ANALYZER_NONNULL = YES;
				CLANG_ANALYZER_NUMBER_OBJECT_CONVERSION = YES_AGGRESSIVE;
				CLANG_CXX_LANGUAGE_STANDARD = "gnu++20";
				CLANG_ENABLE_MODULES = YES;
				CLANG_ENABLE_OBJC_ARC = YES;
				CLANG_ENABLE_OBJC_WEAK = YES;
				CLANG_WARN_BLOCK_CAPTURE_AUTORELEASING = YES;
				CLANG_WARN_BOOL_CONVERSION = YES;
				CLANG_WARN_COMMA = YES;
				CLANG_WARN_CONSTANT_CONVERSION = YES;
				CLANG_WARN_DEPRECATED_OBJC_IMPLEMENTATIONS = YES;
				CLANG_WARN_DIRECT_OBJC_ISA_USAGE = YES_ERROR;
				CLANG_WARN_DOCUMENTATION_COMMENTS = YES;
				CLANG_WARN_EMPTY_BODY = YES;
				CLANG_WARN_ENUM_CONVERSION = YES;
				CLANG_WARN_INFINITE_RECURSION = YES;
				CLANG_WARN_INT_CONVERSION = YES;
				CLANG_WARN_NON_LITERAL_NULL_CONVERSION = YES;
				CLANG_WARN_OBJC_IMPLICIT_RETAIN_SELF = YES;
				CLANG_WARN_OBJC_LITERAL_CONVERSION = YES;
				CLANG_WARN_OBJC_ROOT_CLASS = YES_ERROR;
				CLANG_WARN_QUOTED_INCLUDE_IN_FRAMEWORK_HEADER = YES;
				CLANG_WARN_RANGE_LOOP_ANALYSIS = YES;
				CLANG_WARN_STRICT_PROTOTYPES = YES;
				CLANG_WARN_SUSPICIOUS_MOVE = YES;
				CLANG_WARN_UNGUARDED_AVAILABILITY = YES_AGGRESSIVE;
				CLANG_WARN_UNREACHABLE_CODE = YES;
				CLANG_WARN__DUPLICATE_METHOD_MATCH = YES;
				COPY_PHASE_STRIP = NO;
				DEBUG_INFORMATION_FORMAT = "dwarf-with-dsym";
				ENABLE_NS_ASSERTIONS = NO;
				ENABLE_STRICT_OBJC_MSGSEND = YES;
				ENABLE_USER_SCRIPT_SANDBOXING = YES;
				GCC_C_LANGUAGE_STANDARD = gnu17;
				GCC_NO_COMMON_BLOCKS = YES;
				GCC_WARN_64_TO_32_BIT_CONVERSION = YES;
				GCC_WARN_ABOUT_RETURN_TYPE = YES_ERROR;
				GCC_WARN_UNDECLARED_SELECTOR = YES;
				GCC_WARN_UNINITIALIZED_AUTOS = YES_AGGRESSIVE;
				GCC_WARN_UNUSED_FUNCTION = YES;
				GCC_WARN_UNUSED_VARIABLE = YES;
				IPHONEOS_DEPLOYMENT_TARGET = 17.0;
				LOCALIZATION_PREFERS_STRING_CATALOGS = YES;
				MTL_ENABLE_DEBUG_INFO = NO;
				MTL_FAST_MATH = YES;
				SDKROOT = iphoneos;
				SWIFT_COMPILATION_MODE = wholemodule;
				VALIDATE_PRODUCT = YES;
			};
			name = Release;
		};
		F69849A82C6E384C00B50E31 /* Debug */ = {
			isa = XCBuildConfiguration;
			buildSettings = {
				ASSETCATALOG_COMPILER_APPICON_NAME = AppIcon;
				ASSETCATALOG_COMPILER_GLOBAL_ACCENT_COLOR_NAME = AccentColor;
				CODE_SIGN_STYLE = Automatic;
				CURRENT_PROJECT_VERSION = 1;
				DEVELOPMENT_ASSET_PATHS = "\"YuGiOh/Preview Content\"";
				DEVELOPMENT_TEAM = LWLYM5BX6D;
				ENABLE_PREVIEWS = YES;
				GENERATE_INFOPLIST_FILE = YES;
				INFOPLIST_FILE = YuGiOh/Info.plist;
				INFOPLIST_KEY_CFBundleDisplayName = YuGiOh;
				INFOPLIST_KEY_LSApplicationCategoryType = "public.app-category.entertainment";
				INFOPLIST_KEY_UIApplicationSceneManifest_Generation = YES;
				INFOPLIST_KEY_UIApplicationSupportsIndirectInputEvents = YES;
				INFOPLIST_KEY_UILaunchScreen_Generation = YES;
				INFOPLIST_KEY_UISupportedInterfaceOrientations = UIInterfaceOrientationPortrait;
				INFOPLIST_KEY_UISupportedInterfaceOrientations_iPad = "UIInterfaceOrientationLandscapeLeft UIInterfaceOrientationLandscapeRight UIInterfaceOrientationPortrait UIInterfaceOrientationPortraitUpsideDown";
				INFOPLIST_KEY_UIUserInterfaceStyle = Light;
				IPHONEOS_DEPLOYMENT_TARGET = 16.0;
				LD_RUNPATH_SEARCH_PATHS = (
					"$(inherited)",
					"@executable_path/Frameworks",
				);
				MARKETING_VERSION = 1.0;
				PRODUCT_BUNDLE_IDENTIFIER = markos.YuGiOh;
				PRODUCT_NAME = "$(TARGET_NAME)";
				SUPPORTED_PLATFORMS = "iphoneos iphonesimulator";
				SUPPORTS_MACCATALYST = NO;
				SUPPORTS_MAC_DESIGNED_FOR_IPHONE_IPAD = NO;
				SUPPORTS_XR_DESIGNED_FOR_IPHONE_IPAD = NO;
				SWIFT_EMIT_LOC_STRINGS = YES;
				SWIFT_VERSION = 5.0;
				TARGETED_DEVICE_FAMILY = 1;
			};
			name = Debug;
		};
		F69849A92C6E384C00B50E31 /* Release */ = {
			isa = XCBuildConfiguration;
			buildSettings = {
				ASSETCATALOG_COMPILER_APPICON_NAME = AppIcon;
				ASSETCATALOG_COMPILER_GLOBAL_ACCENT_COLOR_NAME = AccentColor;
				CODE_SIGN_STYLE = Automatic;
				CURRENT_PROJECT_VERSION = 1;
				DEVELOPMENT_ASSET_PATHS = "\"YuGiOh/Preview Content\"";
				DEVELOPMENT_TEAM = LWLYM5BX6D;
				ENABLE_PREVIEWS = YES;
				GENERATE_INFOPLIST_FILE = YES;
				INFOPLIST_FILE = YuGiOh/Info.plist;
				INFOPLIST_KEY_CFBundleDisplayName = YuGiOh;
				INFOPLIST_KEY_LSApplicationCategoryType = "public.app-category.entertainment";
				INFOPLIST_KEY_UIApplicationSceneManifest_Generation = YES;
				INFOPLIST_KEY_UIApplicationSupportsIndirectInputEvents = YES;
				INFOPLIST_KEY_UILaunchScreen_Generation = YES;
				INFOPLIST_KEY_UISupportedInterfaceOrientations = UIInterfaceOrientationPortrait;
				INFOPLIST_KEY_UISupportedInterfaceOrientations_iPad = "UIInterfaceOrientationLandscapeLeft UIInterfaceOrientationLandscapeRight UIInterfaceOrientationPortrait UIInterfaceOrientationPortraitUpsideDown";
				INFOPLIST_KEY_UIUserInterfaceStyle = Light;
				IPHONEOS_DEPLOYMENT_TARGET = 16.0;
				LD_RUNPATH_SEARCH_PATHS = (
					"$(inherited)",
					"@executable_path/Frameworks",
				);
				MARKETING_VERSION = 1.0;
				PRODUCT_BUNDLE_IDENTIFIER = markos.YuGiOh;
				PRODUCT_NAME = "$(TARGET_NAME)";
				SUPPORTED_PLATFORMS = "iphoneos iphonesimulator";
				SUPPORTS_MACCATALYST = NO;
				SUPPORTS_MAC_DESIGNED_FOR_IPHONE_IPAD = NO;
				SUPPORTS_XR_DESIGNED_FOR_IPHONE_IPAD = NO;
				SWIFT_EMIT_LOC_STRINGS = YES;
				SWIFT_VERSION = 5.0;
				TARGETED_DEVICE_FAMILY = 1;
			};
			name = Release;
		};
		F69849AB2C6E384C00B50E31 /* Debug */ = {
			isa = XCBuildConfiguration;
			buildSettings = {
				ALWAYS_EMBED_SWIFT_STANDARD_LIBRARIES = YES;
				BUNDLE_LOADER = "$(TEST_HOST)";
				CODE_SIGN_STYLE = Automatic;
				CURRENT_PROJECT_VERSION = 1;
				DEVELOPMENT_TEAM = LWLYM5BX6D;
				GENERATE_INFOPLIST_FILE = YES;
				IPHONEOS_DEPLOYMENT_TARGET = 17.0;
				MARKETING_VERSION = 1.0;
				PRODUCT_BUNDLE_IDENTIFIER = markos.YuGiOhTests;
				PRODUCT_NAME = "$(TARGET_NAME)";
				SUPPORTED_PLATFORMS = "iphoneos iphonesimulator";
				SUPPORTS_MACCATALYST = NO;
				SUPPORTS_MAC_DESIGNED_FOR_IPHONE_IPAD = NO;
				SUPPORTS_XR_DESIGNED_FOR_IPHONE_IPAD = NO;
				SWIFT_EMIT_LOC_STRINGS = NO;
				SWIFT_VERSION = 5.0;
				TARGETED_DEVICE_FAMILY = 1;
				TEST_HOST = "$(BUILT_PRODUCTS_DIR)/YuGiOh.app/$(BUNDLE_EXECUTABLE_FOLDER_PATH)/YuGiOh";
			};
			name = Debug;
		};
		F69849AC2C6E384C00B50E31 /* Release */ = {
			isa = XCBuildConfiguration;
			buildSettings = {
				ALWAYS_EMBED_SWIFT_STANDARD_LIBRARIES = YES;
				BUNDLE_LOADER = "$(TEST_HOST)";
				CODE_SIGN_STYLE = Automatic;
				CURRENT_PROJECT_VERSION = 1;
				DEVELOPMENT_TEAM = LWLYM5BX6D;
				GENERATE_INFOPLIST_FILE = YES;
				IPHONEOS_DEPLOYMENT_TARGET = 17.0;
				MARKETING_VERSION = 1.0;
				PRODUCT_BUNDLE_IDENTIFIER = markos.YuGiOhTests;
				PRODUCT_NAME = "$(TARGET_NAME)";
				SUPPORTED_PLATFORMS = "iphoneos iphonesimulator";
				SUPPORTS_MACCATALYST = NO;
				SUPPORTS_MAC_DESIGNED_FOR_IPHONE_IPAD = NO;
				SUPPORTS_XR_DESIGNED_FOR_IPHONE_IPAD = NO;
				SWIFT_EMIT_LOC_STRINGS = NO;
				SWIFT_VERSION = 5.0;
				TARGETED_DEVICE_FAMILY = 1;
				TEST_HOST = "$(BUILT_PRODUCTS_DIR)/YuGiOh.app/$(BUNDLE_EXECUTABLE_FOLDER_PATH)/YuGiOh";
			};
			name = Release;
		};
		F69849AE2C6E384C00B50E31 /* Debug */ = {
			isa = XCBuildConfiguration;
			buildSettings = {
				ALWAYS_EMBED_SWIFT_STANDARD_LIBRARIES = YES;
				CODE_SIGN_STYLE = Automatic;
				CURRENT_PROJECT_VERSION = 1;
				DEVELOPMENT_TEAM = LWLYM5BX6D;
				GENERATE_INFOPLIST_FILE = YES;
				MARKETING_VERSION = 1.0;
				PRODUCT_BUNDLE_IDENTIFIER = markos.YuGiOhUITests;
				PRODUCT_NAME = "$(TARGET_NAME)";
				SWIFT_EMIT_LOC_STRINGS = NO;
				SWIFT_VERSION = 5.0;
				TARGETED_DEVICE_FAMILY = "1,2";
				TEST_TARGET_NAME = YuGiOh;
			};
			name = Debug;
		};
		F69849AF2C6E384C00B50E31 /* Release */ = {
			isa = XCBuildConfiguration;
			buildSettings = {
				ALWAYS_EMBED_SWIFT_STANDARD_LIBRARIES = YES;
				CODE_SIGN_STYLE = Automatic;
				CURRENT_PROJECT_VERSION = 1;
				DEVELOPMENT_TEAM = LWLYM5BX6D;
				GENERATE_INFOPLIST_FILE = YES;
				MARKETING_VERSION = 1.0;
				PRODUCT_BUNDLE_IDENTIFIER = markos.YuGiOhUITests;
				PRODUCT_NAME = "$(TARGET_NAME)";
				SWIFT_EMIT_LOC_STRINGS = NO;
				SWIFT_VERSION = 5.0;
				TARGETED_DEVICE_FAMILY = "1,2";
				TEST_TARGET_NAME = YuGiOh;
			};
			name = Release;
		};
/* End XCBuildConfiguration section */

/* Begin XCConfigurationList section */
		F698497E2C6E384A00B50E31 /* Build configuration list for PBXProject "YuGiOh" */ = {
			isa = XCConfigurationList;
			buildConfigurations = (
				F69849A52C6E384C00B50E31 /* Debug */,
				F69849A62C6E384C00B50E31 /* Release */,
			);
			defaultConfigurationIsVisible = 0;
			defaultConfigurationName = Release;
		};
		F69849A72C6E384C00B50E31 /* Build configuration list for PBXNativeTarget "YuGiOh" */ = {
			isa = XCConfigurationList;
			buildConfigurations = (
				F69849A82C6E384C00B50E31 /* Debug */,
				F69849A92C6E384C00B50E31 /* Release */,
			);
			defaultConfigurationIsVisible = 0;
			defaultConfigurationName = Release;
		};
		F69849AA2C6E384C00B50E31 /* Build configuration list for PBXNativeTarget "YuGiOhTests" */ = {
			isa = XCConfigurationList;
			buildConfigurations = (
				F69849AB2C6E384C00B50E31 /* Debug */,
				F69849AC2C6E384C00B50E31 /* Release */,
			);
			defaultConfigurationIsVisible = 0;
			defaultConfigurationName = Release;
		};
		F69849AD2C6E384C00B50E31 /* Build configuration list for PBXNativeTarget "YuGiOhUITests" */ = {
			isa = XCConfigurationList;
			buildConfigurations = (
				F69849AE2C6E384C00B50E31 /* Debug */,
				F69849AF2C6E384C00B50E31 /* Release */,
			);
			defaultConfigurationIsVisible = 0;
			defaultConfigurationName = Release;
		};
/* End XCConfigurationList section */

/* Begin XCRemoteSwiftPackageReference section */
		F6657EA62C7F5696006D81E3 /* XCRemoteSwiftPackageReference "SFSafeSymbols" */ = {
			isa = XCRemoteSwiftPackageReference;
			repositoryURL = "https://github.com/SFSafeSymbols/SFSafeSymbols.git";
			requirement = {
				kind = upToNextMajorVersion;
				minimumVersion = 5.3.0;
			};
		};
		F69849C92C6E8EE200B50E31 /* XCRemoteSwiftPackageReference "Kingfisher" */ = {
			isa = XCRemoteSwiftPackageReference;
			repositoryURL = "https://github.com/onevcat/Kingfisher.git";
			requirement = {
				kind = upToNextMajorVersion;
				minimumVersion = 7.12.0;
			};
		};
		F69849CC2C714FA400B50E31 /* XCRemoteSwiftPackageReference "stinsen" */ = {
			isa = XCRemoteSwiftPackageReference;
			repositoryURL = "https://github.com/rundfunk47/stinsen.git";
			requirement = {
				kind = upToNextMajorVersion;
				minimumVersion = 2.0.13;
			};
		};
		F69849DA2C72850900B50E31 /* XCRemoteSwiftPackageReference "lottie-spm" */ = {
			isa = XCRemoteSwiftPackageReference;
			repositoryURL = "https://github.com/airbnb/lottie-spm.git";
			requirement = {
				kind = upToNextMajorVersion;
				minimumVersion = 4.5.0;
			};
		};
		F6F4948F2CA58426007DB49A /* XCRemoteSwiftPackageReference "TinyNetworking" */ = {
			isa = XCRemoteSwiftPackageReference;
			repositoryURL = "https://github.com/vualeks/TinyNetworking.git";
			requirement = {
				kind = upToNextMajorVersion;
				minimumVersion = 5.0.0;
			};
		};
/* End XCRemoteSwiftPackageReference section */

/* Begin XCSwiftPackageProductDependency section */
		F6657EA72C7F5696006D81E3 /* SFSafeSymbols */ = {
			isa = XCSwiftPackageProductDependency;
			package = F6657EA62C7F5696006D81E3 /* XCRemoteSwiftPackageReference "SFSafeSymbols" */;
			productName = SFSafeSymbols;
		};
		F69849CA2C6E8EE200B50E31 /* Kingfisher */ = {
			isa = XCSwiftPackageProductDependency;
			package = F69849C92C6E8EE200B50E31 /* XCRemoteSwiftPackageReference "Kingfisher" */;
			productName = Kingfisher;
		};
		F69849CD2C714FA400B50E31 /* Stinsen */ = {
			isa = XCSwiftPackageProductDependency;
			package = F69849CC2C714FA400B50E31 /* XCRemoteSwiftPackageReference "stinsen" */;
			productName = Stinsen;
		};
		F69849DB2C72850900B50E31 /* Lottie */ = {
			isa = XCSwiftPackageProductDependency;
			package = F69849DA2C72850900B50E31 /* XCRemoteSwiftPackageReference "lottie-spm" */;
			productName = Lottie;
		};
		F6F494902CA58426007DB49A /* TinyNetworking */ = {
			isa = XCSwiftPackageProductDependency;
			package = F6F4948F2CA58426007DB49A /* XCRemoteSwiftPackageReference "TinyNetworking" */;
			productName = TinyNetworking;
		};
/* End XCSwiftPackageProductDependency section */
	};
	rootObject = F698497B2C6E384A00B50E31 /* Project object */;
}
